
Microsoft Visual Studio Solution File, Format Version 12.00
# Visual Studio Version 16
VisualStudioVersion = 16.0.33801.447
MinimumVisualStudioVersion = 10.0.40219.1
Project("{FAE04EC0-301F-11D3-BF4B-00C04F79EFBC}") = "TestAPI", "TestAPI\TestAPI.csproj", "{DD16F2EB-9379-4D94-8B15-AD31F8045543}"
EndProject
Global
	GlobalSection(SolutionConfigurationPlatforms) = preSolution
		Debug|Any CPU = Debug|Any CPU
		Release|Any CPU = Release|Any CPU
	EndGlobalSection
	GlobalSection(ProjectConfigurationPlatforms) = postSolution
		{DD16F2EB-9379-4D94-8B15-AD31F8045543}.Debug|Any CPU.ActiveCfg = Debug|Any CPU
		{DD16F2EB-9379-4D94-8B15-AD31F8045543}.Debug|Any CPU.Build.0 = Debug|Any CPU
		{DD16F2EB-9379-4D94-8B15-AD31F8045543}.Release|Any CPU.ActiveCfg = Release|Any CPU
		{DD16F2EB-9379-4D94-8B15-AD31F8045543}.Release|Any CPU.Build.0 = Release|Any CPU
	EndGlobalSection
	GlobalSection(SolutionProperties) = preSolution
		HideSolutionNode = FALSE
	EndGlobalSection
	GlobalSection(ExtensibilityGlobals) = postSolution
		SolutionGuid = {DCC6998D-C03B-47C5-BEE9-96A337C2F1FB}
	EndGlobalSection
EndGlobal
